
Microsoft Visual Studio Solution File, Format Version 12.00
# Visual Studio Version 16
VisualStudioVersion = 16.0.30114.105
MinimumVisualStudioVersion = 10.0.40219.1
Project("{FAE04EC0-301F-11D3-BF4B-00C04F79EFBC}") = "CodingCSharp", "CodingCSharp\CodingCSharp.csproj", "{58F1F0F6-08B7-43DE-8CD8-8BB017CE46A0}"
EndProject
Global
	GlobalSection(SolutionConfigurationPlatforms) = preSolution
		Debug|Any CPU = Debug|Any CPU
		Release|Any CPU = Release|Any CPU
	EndGlobalSection
	GlobalSection(ProjectConfigurationPlatforms) = postSolution
		{58F1F0F6-08B7-43DE-8CD8-8BB017CE46A0}.Debug|Any CPU.ActiveCfg = Debug|Any CPU
		{58F1F0F6-08B7-43DE-8CD8-8BB017CE46A0}.Debug|Any CPU.Build.0 = Debug|Any CPU
		{58F1F0F6-08B7-43DE-8CD8-8BB017CE46A0}.Release|Any CPU.ActiveCfg = Release|Any CPU
		{58F1F0F6-08B7-43DE-8CD8-8BB017CE46A0}.Release|Any CPU.Build.0 = Release|Any CPU
	EndGlobalSection
	GlobalSection(SolutionProperties) = preSolution
		HideSolutionNode = FALSE
	EndGlobalSection
	GlobalSection(ExtensibilityGlobals) = postSolution
		SolutionGuid = {104BEBB9-8660-46F8-96C3-60B4C4CBE3BD}
	EndGlobalSection
EndGlobal
